
Microsoft Visual Studio Solution File, Format Version 12.00
# Visual Studio Version 17
VisualStudioVersion = 17.0.31903.59
MinimumVisualStudioVersion = 10.0.40219.1
Project("{FAE04EC0-301F-11D3-BF4B-00C04F79EFBC}") = "Hospital.Domain", "Hospital.Domain\Hospital.Domain.csproj", "{5F09C397-7DBE-4E50-85CE-16626B3A1351}"
EndProject
Project("{FAE04EC0-301F-11D3-BF4B-00C04F79EFBC}") = "Hospital.Tests", "Hospital.Tests\Hospital.Tests.csproj", "{B09C65C3-03D5-43AA-83B3-6C3AE41966B9}"
EndProject
Project("{FAE04EC0-301F-11D3-BF4B-00C04F79EFBC}") = "Hospital.Infrastructure.InMemory", "Hospital.Infrastructure.InMemory\Hospital.Infrastructure.InMemory.csproj", "{503C5202-B6A9-4BAE-A6D9-C2070E661B74}"
EndProject
Project("{FAE04EC0-301F-11D3-BF4B-00C04F79EFBC}") = "Hospital.Application", "Hospital.Application\Hospital.Application.csproj", "{18853199-83E6-4E57-B826-E16B3865932C}"
EndProject
Project("{FAE04EC0-301F-11D3-BF4B-00C04F79EFBC}") = "Hospital.Api", "Hospital.Api\Hospital.Api.csproj", "{24AA96CE-A218-471C-AD4D-CBD149CED345}"
EndProject
Project("{FAE04EC0-301F-11D3-BF4B-00C04F79EFBC}") = "Hospital.Application.Contracts", "Hospital.Application.Contracts\Hospital.Application.Contracts.csproj", "{EB3380A9-F5D4-46BA-A24C-31ECD5D5716E}"
EndProject
Project("{FAE04EC0-301F-11D3-BF4B-00C04F79EFBC}") = "Hospital.Infrastructure.EfCore", "Hospital.Infrastructure.EfCore\Hospital.Infrastructure.EfCore.csproj", "{A39B4AD2-D6B2-48B9-A600-8C1FD63CBBB9}"
EndProject
Project("{FAE04EC0-301F-11D3-BF4B-00C04F79EFBC}") = "Hospital.AppHost", "Hospital.AppHost\Hospital.AppHost.csproj", "{75264B94-F75D-4E38-A73D-00CCA103E0BA}"
EndProject
Project("{FAE04EC0-301F-11D3-BF4B-00C04F79EFBC}") = "Hospital.ServiceDefaults", "Hospital.ServiceDefaults\Hospital.ServiceDefaults.csproj", "{10116265-337D-438B-84A9-42528E369BEC}"
EndProject
Global
	GlobalSection(SolutionConfigurationPlatforms) = preSolution
		Debug|Any CPU = Debug|Any CPU
		Release|Any CPU = Release|Any CPU
	EndGlobalSection
	GlobalSection(ProjectConfigurationPlatforms) = postSolution
		{5F09C397-7DBE-4E50-85CE-16626B3A1351}.Debug|Any CPU.ActiveCfg = Debug|Any CPU
		{5F09C397-7DBE-4E50-85CE-16626B3A1351}.Debug|Any CPU.Build.0 = Debug|Any CPU
		{5F09C397-7DBE-4E50-85CE-16626B3A1351}.Release|Any CPU.ActiveCfg = Release|Any CPU
		{5F09C397-7DBE-4E50-85CE-16626B3A1351}.Release|Any CPU.Build.0 = Release|Any CPU
		{B09C65C3-03D5-43AA-83B3-6C3AE41966B9}.Debug|Any CPU.ActiveCfg = Debug|Any CPU
		{B09C65C3-03D5-43AA-83B3-6C3AE41966B9}.Debug|Any CPU.Build.0 = Debug|Any CPU
		{B09C65C3-03D5-43AA-83B3-6C3AE41966B9}.Release|Any CPU.ActiveCfg = Release|Any CPU
		{B09C65C3-03D5-43AA-83B3-6C3AE41966B9}.Release|Any CPU.Build.0 = Release|Any CPU
		{503C5202-B6A9-4BAE-A6D9-C2070E661B74}.Debug|Any CPU.ActiveCfg = Debug|Any CPU
		{503C5202-B6A9-4BAE-A6D9-C2070E661B74}.Debug|Any CPU.Build.0 = Debug|Any CPU
		{503C5202-B6A9-4BAE-A6D9-C2070E661B74}.Release|Any CPU.ActiveCfg = Release|Any CPU
		{503C5202-B6A9-4BAE-A6D9-C2070E661B74}.Release|Any CPU.Build.0 = Release|Any CPU
		{18853199-83E6-4E57-B826-E16B3865932C}.Debug|Any CPU.ActiveCfg = Debug|Any CPU
		{18853199-83E6-4E57-B826-E16B3865932C}.Debug|Any CPU.Build.0 = Debug|Any CPU
		{18853199-83E6-4E57-B826-E16B3865932C}.Release|Any CPU.ActiveCfg = Release|Any CPU
		{18853199-83E6-4E57-B826-E16B3865932C}.Release|Any CPU.Build.0 = Release|Any CPU
		{24AA96CE-A218-471C-AD4D-CBD149CED345}.Debug|Any CPU.ActiveCfg = Debug|Any CPU
		{24AA96CE-A218-471C-AD4D-CBD149CED345}.Debug|Any CPU.Build.0 = Debug|Any CPU
		{24AA96CE-A218-471C-AD4D-CBD149CED345}.Release|Any CPU.ActiveCfg = Release|Any CPU
		{24AA96CE-A218-471C-AD4D-CBD149CED345}.Release|Any CPU.Build.0 = Release|Any CPU
		{EB3380A9-F5D4-46BA-A24C-31ECD5D5716E}.Debug|Any CPU.ActiveCfg = Debug|Any CPU
		{EB3380A9-F5D4-46BA-A24C-31ECD5D5716E}.Debug|Any CPU.Build.0 = Debug|Any CPU
		{EB3380A9-F5D4-46BA-A24C-31ECD5D5716E}.Release|Any CPU.ActiveCfg = Release|Any CPU
		{EB3380A9-F5D4-46BA-A24C-31ECD5D5716E}.Release|Any CPU.Build.0 = Release|Any CPU
		{A39B4AD2-D6B2-48B9-A600-8C1FD63CBBB9}.Debug|Any CPU.ActiveCfg = Debug|Any CPU
		{A39B4AD2-D6B2-48B9-A600-8C1FD63CBBB9}.Debug|Any CPU.Build.0 = Debug|Any CPU
		{A39B4AD2-D6B2-48B9-A600-8C1FD63CBBB9}.Release|Any CPU.ActiveCfg = Release|Any CPU
		{A39B4AD2-D6B2-48B9-A600-8C1FD63CBBB9}.Release|Any CPU.Build.0 = Release|Any CPU
		{75264B94-F75D-4E38-A73D-00CCA103E0BA}.Debug|Any CPU.ActiveCfg = Debug|Any CPU
		{75264B94-F75D-4E38-A73D-00CCA103E0BA}.Debug|Any CPU.Build.0 = Debug|Any CPU
		{75264B94-F75D-4E38-A73D-00CCA103E0BA}.Release|Any CPU.ActiveCfg = Release|Any CPU
		{75264B94-F75D-4E38-A73D-00CCA103E0BA}.Release|Any CPU.Build.0 = Release|Any CPU
		{10116265-337D-438B-84A9-42528E369BEC}.Debug|Any CPU.ActiveCfg = Debug|Any CPU
		{10116265-337D-438B-84A9-42528E369BEC}.Debug|Any CPU.Build.0 = Debug|Any CPU
		{10116265-337D-438B-84A9-42528E369BEC}.Release|Any CPU.ActiveCfg = Release|Any CPU
		{10116265-337D-438B-84A9-42528E369BEC}.Release|Any CPU.Build.0 = Release|Any CPU
	EndGlobalSection
	GlobalSection(SolutionProperties) = preSolution
		HideSolutionNode = FALSE
	EndGlobalSection
	GlobalSection(ExtensibilityGlobals) = postSolution
		SolutionGuid = {E0D62CF2-79B9-4785-B4A2-C99632D5D5BA}
	EndGlobalSection
EndGlobal
