
Microsoft Visual Studio Solution File, Format Version 12.00
# Visual Studio Version 17
VisualStudioVersion = 17.0.31903.59
MinimumVisualStudioVersion = 10.0.40219.1
Project("{FAE04EC0-301F-11D3-BF4B-00C04F79EFBC}") = "PolyclinicLibrary", "PolyclinicLibrary\PolyclinicLibrary.csproj", "{5F09C397-7DBE-4E50-85CE-16626B3A1351}"
EndProject
Project("{FAE04EC0-301F-11D3-BF4B-00C04F79EFBC}") = "PolyclinicLybrary.Test", "PolyclinicTest\PolyclinicLybrary.Test.csproj", "{B09C65C3-03D5-43AA-83B3-6C3AE41966B9}"
EndProject
Global
	GlobalSection(SolutionConfigurationPlatforms) = preSolution
		Debug|Any CPU = Debug|Any CPU
		Release|Any CPU = Release|Any CPU
	EndGlobalSection
	GlobalSection(ProjectConfigurationPlatforms) = postSolution
		{5F09C397-7DBE-4E50-85CE-16626B3A1351}.Debug|Any CPU.ActiveCfg = Debug|Any CPU
		{5F09C397-7DBE-4E50-85CE-16626B3A1351}.Debug|Any CPU.Build.0 = Debug|Any CPU
		{5F09C397-7DBE-4E50-85CE-16626B3A1351}.Release|Any CPU.ActiveCfg = Release|Any CPU
		{5F09C397-7DBE-4E50-85CE-16626B3A1351}.Release|Any CPU.Build.0 = Release|Any CPU
		{B09C65C3-03D5-43AA-83B3-6C3AE41966B9}.Debug|Any CPU.ActiveCfg = Debug|Any CPU
		{B09C65C3-03D5-43AA-83B3-6C3AE41966B9}.Debug|Any CPU.Build.0 = Debug|Any CPU
		{B09C65C3-03D5-43AA-83B3-6C3AE41966B9}.Release|Any CPU.ActiveCfg = Release|Any CPU
		{B09C65C3-03D5-43AA-83B3-6C3AE41966B9}.Release|Any CPU.Build.0 = Release|Any CPU
	EndGlobalSection
	GlobalSection(SolutionProperties) = preSolution
		HideSolutionNode = FALSE
	EndGlobalSection
	GlobalSection(ExtensibilityGlobals) = postSolution
		SolutionGuid = {E0D62CF2-79B9-4785-B4A2-C99632D5D5BA}
	EndGlobalSection
EndGlobal
